
Microsoft Visual Studio Solution File, Format Version 12.00
# Visual Studio Version 17
VisualStudioVersion = 17.4.33403.182
MinimumVisualStudioVersion = 10.0.40219.1
Project("{9A19103F-16F7-4668-BE54-9A1E7A4F7556}") = "Ecolab.AuditChallenge.Api", "Ecolab.AuditChallenge.Api\Ecolab.AuditChallenge.Api.csproj", "{642D2555-0FC3-491D-BC6A-E68A23A839DD}"
EndProject
Project("{2150E333-8FDC-42A3-9474-1A3956D46DE8}") = "Solution Items", "Solution Items", "{A7720F6D-1253-4F36-A933-4DA29ADA83D3}"
	ProjectSection(SolutionItems) = preProject
		.editorconfig = .editorconfig
	EndProjectSection
EndProject
Project("{9A19103F-16F7-4668-BE54-9A1E7A4F7556}") = "Ecolab.AuditChallenge.Database", "Ecolab.AuditChallenge.Database\Ecolab.AuditChallenge.Database.csproj", "{856BA272-5CF5-4A5E-8105-3EE420F3B17A}"
EndProject
Project("{9A19103F-16F7-4668-BE54-9A1E7A4F7556}") = "Ecolab.AuditChallenge.Api.Unit.Tests", "Ecolab.AuditChallenge.Api.Tests\Ecolab.AuditChallenge.Api.Unit.Tests.csproj", "{EA3DD8EB-BC22-46E2-99AB-2DAED548AAE8}"
EndProject
Project("{9A19103F-16F7-4668-BE54-9A1E7A4F7556}") = "Ecolab.AuditChallenge.Api.Integration.Tests", "Ecolab.AuditChallenge.Api.Integration.Tests\Ecolab.AuditChallenge.Api.Integration.Tests.csproj", "{D089F489-8789-4CF9-97C2-35DEBB314AF0}"
EndProject
Project("{00D1A9C2-B5F0-4AF3-8072-F6C62B433612}") = "AuditChallengeSqlDatabase", "AuditChallenge\AuditChallengeSqlDatabase.sqlproj", "{0A834CA9-274F-4026-8461-A4ABE4AF9417}"
EndProject
Global
	GlobalSection(SolutionConfigurationPlatforms) = preSolution
		Debug|Any CPU = Debug|Any CPU
		Release|Any CPU = Release|Any CPU
	EndGlobalSection
	GlobalSection(ProjectConfigurationPlatforms) = postSolution
		{642D2555-0FC3-491D-BC6A-E68A23A839DD}.Debug|Any CPU.ActiveCfg = Debug|Any CPU
		{642D2555-0FC3-491D-BC6A-E68A23A839DD}.Debug|Any CPU.Build.0 = Debug|Any CPU
		{642D2555-0FC3-491D-BC6A-E68A23A839DD}.Release|Any CPU.ActiveCfg = Release|Any CPU
		{642D2555-0FC3-491D-BC6A-E68A23A839DD}.Release|Any CPU.Build.0 = Release|Any CPU
		{856BA272-5CF5-4A5E-8105-3EE420F3B17A}.Debug|Any CPU.ActiveCfg = Debug|Any CPU
		{856BA272-5CF5-4A5E-8105-3EE420F3B17A}.Debug|Any CPU.Build.0 = Debug|Any CPU
		{856BA272-5CF5-4A5E-8105-3EE420F3B17A}.Release|Any CPU.ActiveCfg = Release|Any CPU
		{856BA272-5CF5-4A5E-8105-3EE420F3B17A}.Release|Any CPU.Build.0 = Release|Any CPU
		{EA3DD8EB-BC22-46E2-99AB-2DAED548AAE8}.Debug|Any CPU.ActiveCfg = Debug|Any CPU
		{EA3DD8EB-BC22-46E2-99AB-2DAED548AAE8}.Debug|Any CPU.Build.0 = Debug|Any CPU
		{EA3DD8EB-BC22-46E2-99AB-2DAED548AAE8}.Release|Any CPU.ActiveCfg = Release|Any CPU
		{EA3DD8EB-BC22-46E2-99AB-2DAED548AAE8}.Release|Any CPU.Build.0 = Release|Any CPU
		{D089F489-8789-4CF9-97C2-35DEBB314AF0}.Debug|Any CPU.ActiveCfg = Debug|Any CPU
		{D089F489-8789-4CF9-97C2-35DEBB314AF0}.Debug|Any CPU.Build.0 = Debug|Any CPU
		{D089F489-8789-4CF9-97C2-35DEBB314AF0}.Release|Any CPU.ActiveCfg = Release|Any CPU
		{D089F489-8789-4CF9-97C2-35DEBB314AF0}.Release|Any CPU.Build.0 = Release|Any CPU
		{0A834CA9-274F-4026-8461-A4ABE4AF9417}.Debug|Any CPU.ActiveCfg = Debug|Any CPU
		{0A834CA9-274F-4026-8461-A4ABE4AF9417}.Debug|Any CPU.Build.0 = Debug|Any CPU
		{0A834CA9-274F-4026-8461-A4ABE4AF9417}.Debug|Any CPU.Deploy.0 = Debug|Any CPU
		{0A834CA9-274F-4026-8461-A4ABE4AF9417}.Release|Any CPU.ActiveCfg = Release|Any CPU
		{0A834CA9-274F-4026-8461-A4ABE4AF9417}.Release|Any CPU.Build.0 = Release|Any CPU
		{0A834CA9-274F-4026-8461-A4ABE4AF9417}.Release|Any CPU.Deploy.0 = Release|Any CPU
	EndGlobalSection
	GlobalSection(SolutionProperties) = preSolution
		HideSolutionNode = FALSE
	EndGlobalSection
	GlobalSection(ExtensibilityGlobals) = postSolution
		SolutionGuid = {8726DF80-ECDC-4089-BC3A-FA5AADEF1114}
	EndGlobalSection
EndGlobal
